
Microsoft Visual Studio Solution File, Format Version 12.00
# Visual Studio Version 17
VisualStudioVersion = 17.3.32811.315
MinimumVisualStudioVersion = 10.0.40219.1
Project("{FAE04EC0-301F-11D3-BF4B-00C04F79EFBC}") = "JadUpdate", "JadUpdate\JadUpdate.csproj", "{2B5FA326-E0A6-400D-B149-73AF729ED1A3}"
EndProject
Project("{9A19103F-16F7-4668-BE54-9A1E7A4F7556}") = "JadWebRequest", "..\JadWebRequest\JadWebRequest\JadWebRequest.csproj", "{B7F6F24A-70FB-482D-9B06-0BDFBB11528C}"
EndProject
Global
	GlobalSection(SolutionConfigurationPlatforms) = preSolution
		Debug|Any CPU = Debug|Any CPU
		Release|Any CPU = Release|Any CPU
	EndGlobalSection
	GlobalSection(ProjectConfigurationPlatforms) = postSolution
		{2B5FA326-E0A6-400D-B149-73AF729ED1A3}.Debug|Any CPU.ActiveCfg = Debug|Any CPU
		{2B5FA326-E0A6-400D-B149-73AF729ED1A3}.Debug|Any CPU.Build.0 = Debug|Any CPU
		{2B5FA326-E0A6-400D-B149-73AF729ED1A3}.Release|Any CPU.ActiveCfg = Release|Any CPU
		{2B5FA326-E0A6-400D-B149-73AF729ED1A3}.Release|Any CPU.Build.0 = Release|Any CPU
		{B7F6F24A-70FB-482D-9B06-0BDFBB11528C}.Debug|Any CPU.ActiveCfg = Debug|Any CPU
		{B7F6F24A-70FB-482D-9B06-0BDFBB11528C}.Debug|Any CPU.Build.0 = Debug|Any CPU
		{B7F6F24A-70FB-482D-9B06-0BDFBB11528C}.Release|Any CPU.ActiveCfg = Release|Any CPU
		{B7F6F24A-70FB-482D-9B06-0BDFBB11528C}.Release|Any CPU.Build.0 = Release|Any CPU
	EndGlobalSection
	GlobalSection(SolutionProperties) = preSolution
		HideSolutionNode = FALSE
	EndGlobalSection
	GlobalSection(ExtensibilityGlobals) = postSolution
		SolutionGuid = {8BB1BEAF-EC71-4E8F-853A-284A7ECB01BF}
	EndGlobalSection
EndGlobal
